
Microsoft Visual Studio Solution File, Format Version 12.00
# Visual Studio Version 17
VisualStudioVersion = 17.8.34511.84
MinimumVisualStudioVersion = 10.0.40219.1
Project("{9A19103F-16F7-4668-BE54-9A1E7A4F7556}") = "API", "API\API.csproj", "{24E1187C-C242-42B6-9CB8-38C5A48A5AE0}"
EndProject
Project("{9A19103F-16F7-4668-BE54-9A1E7A4F7556}") = "Core", "Core\Core.csproj", "{A1E68A49-E590-4B2F-AD36-ADE0E3A21340}"
EndProject
Project("{9A19103F-16F7-4668-BE54-9A1E7A4F7556}") = "Database", "Database\Database.csproj", "{FC4FD6DF-664B-4FDE-9A3B-36231CCE32F7}"
EndProject
Project("{9A19103F-16F7-4668-BE54-9A1E7A4F7556}") = "Services", "Services\Services.csproj", "{45C8FC59-5392-46CD-A3B7-55C51E581448}"
EndProject
Project("{FAE04EC0-301F-11D3-BF4B-00C04F79EFBC}") = "Testing", "Testing\Testing.csproj", "{E344F899-0B24-40EF-900C-4FAF245738D2}"
EndProject
Global
	GlobalSection(SolutionConfigurationPlatforms) = preSolution
		Debug|Any CPU = Debug|Any CPU
		Release|Any CPU = Release|Any CPU
	EndGlobalSection
	GlobalSection(ProjectConfigurationPlatforms) = postSolution
		{24E1187C-C242-42B6-9CB8-38C5A48A5AE0}.Debug|Any CPU.ActiveCfg = Debug|Any CPU
		{24E1187C-C242-42B6-9CB8-38C5A48A5AE0}.Debug|Any CPU.Build.0 = Debug|Any CPU
		{24E1187C-C242-42B6-9CB8-38C5A48A5AE0}.Release|Any CPU.ActiveCfg = Release|Any CPU
		{24E1187C-C242-42B6-9CB8-38C5A48A5AE0}.Release|Any CPU.Build.0 = Release|Any CPU
		{A1E68A49-E590-4B2F-AD36-ADE0E3A21340}.Debug|Any CPU.ActiveCfg = Debug|Any CPU
		{A1E68A49-E590-4B2F-AD36-ADE0E3A21340}.Debug|Any CPU.Build.0 = Debug|Any CPU
		{A1E68A49-E590-4B2F-AD36-ADE0E3A21340}.Release|Any CPU.ActiveCfg = Release|Any CPU
		{A1E68A49-E590-4B2F-AD36-ADE0E3A21340}.Release|Any CPU.Build.0 = Release|Any CPU
		{FC4FD6DF-664B-4FDE-9A3B-36231CCE32F7}.Debug|Any CPU.ActiveCfg = Debug|Any CPU
		{FC4FD6DF-664B-4FDE-9A3B-36231CCE32F7}.Debug|Any CPU.Build.0 = Debug|Any CPU
		{FC4FD6DF-664B-4FDE-9A3B-36231CCE32F7}.Release|Any CPU.ActiveCfg = Release|Any CPU
		{FC4FD6DF-664B-4FDE-9A3B-36231CCE32F7}.Release|Any CPU.Build.0 = Release|Any CPU
		{45C8FC59-5392-46CD-A3B7-55C51E581448}.Debug|Any CPU.ActiveCfg = Debug|Any CPU
		{45C8FC59-5392-46CD-A3B7-55C51E581448}.Debug|Any CPU.Build.0 = Debug|Any CPU
		{45C8FC59-5392-46CD-A3B7-55C51E581448}.Release|Any CPU.ActiveCfg = Release|Any CPU
		{45C8FC59-5392-46CD-A3B7-55C51E581448}.Release|Any CPU.Build.0 = Release|Any CPU
		{E344F899-0B24-40EF-900C-4FAF245738D2}.Debug|Any CPU.ActiveCfg = Debug|Any CPU
		{E344F899-0B24-40EF-900C-4FAF245738D2}.Debug|Any CPU.Build.0 = Debug|Any CPU
		{E344F899-0B24-40EF-900C-4FAF245738D2}.Release|Any CPU.ActiveCfg = Release|Any CPU
		{E344F899-0B24-40EF-900C-4FAF245738D2}.Release|Any CPU.Build.0 = Release|Any CPU
	EndGlobalSection
	GlobalSection(SolutionProperties) = preSolution
		HideSolutionNode = FALSE
	EndGlobalSection
	GlobalSection(ExtensibilityGlobals) = postSolution
		SolutionGuid = {18EE0B1D-3B87-4BC3-B050-3A3A6445B988}
	EndGlobalSection
EndGlobal
